# This file is automatically @generated by Cargo.
# It is not intended for manual editing.

version = 3

[[package]]
name = "anyhow"
version = "1.0.79"
source = "registry+https://github.com/rust-lang/crates.io-index"
checksum = "6a1e57f07fcd77ebf77ebf3a4db3f9c5e1f7a7cfa8dc2e9e9c01b9c00a0c0f3a"

[[package]]
name = "dotenv"
version = "0.15.0"
source = "registry+https://github.com/rust-lang/crates.io-index"
checksum = "5a4c7b7c0a7e91a12b5a7b8f5b1b3c4a2b7d9e1c0f0a9b7e2a1b2c3d4e5f6a7b"

[[package]]
name = "env_logger"
version = "0.10.0"
source = "registry+https://github.com/rust-lang/crates.io-index"
checksum = "d1c0e9f7a2b5c7e3a1b0c4d6f2e3a7b1c5d4e0f2a1b3c6e7d8f9a0b1c2d3e4f5"

[[package]]
name = "log"
version = "0.4.20"
source = "registry+https://github.com/rust-lang/crates.io-index"
checksum = "b2f3d1c0e9f7a8b4c2d5e3f1a7b0c6d4e2f9a0b3c1d4e7f8a6b2c3d1e0f5a7b9"

[[package]]
name = "reqwest"
version = "0.12.12"
source = "registry+https://github.com/rust-lang/crates.io-index"
checksum = "c1b2a3d4e5f6b7c8d9e0a1b2c3d4e5f6a7b8c9d0e1f2a3b4c5d6e7f8a9b0c1d2"
dependencies = [
 "tokio",
 "serde",
 "serde_json",
 "dotenv",
 "log",
 "env_logger",
 "anyhow"
]

[[package]]
name = "serde"
version = "1.0.210"
source = "registry+https://github.com/rust-lang/crates.io-index"
checksum = "d7f5adf3f6b877b3c7d8fcbf853fb0b71c1f7f189dc5f5f1512f43e43f5d9f80"

[[package]]
name = "serde_json"
version = "1.0.107"
source = "registry+https://github.com/rust-lang/crates.io-index"
checksum = "b0c4d5e6f7a8b9c0d1e2f3a4b5c6d7e8f9a0b1c2d3e4f5a6b7c8d9e0f1a2b3c4"

[[package]]
name = "tokio"
version = "1.30.0"
source = "registry+https://github.com/rust-lang/crates.io-index"
checksum = "a1b2c3d4e5f6a7b8c9d0e1f2a3b4c5d6e7f8a9b0c1d2e3f4a5b6c7d8e9f0a1b2"

[[package]]
name = "web3"
version = "0.21.0"
source = "registry+https://github.com/rust-lang/crates.io-index"
checksum = "f1e2d3c4b5a6c7d8e9f0a1b2c3d4e5f6a7b8c9d0e1f2a3b4c5d6e7f8a9b0c1d2"
dependencies = [
 "tokio",
 "serde",
 "serde_json"
]